
Microsoft Visual Studio Solution File, Format Version 12.00
# Visual Studio Version 17
VisualStudioVersion = 17.14.36623.8
MinimumVisualStudioVersion = 10.0.40219.1
Project("{FAE04EC0-301F-11D3-BF4B-00C04F79EFBC}") = "ScoreoForERLite.App", "ScoreoForERLite.App\ScoreoForERLite.App.csproj", "{1D8647CD-7B7E-4C5D-8EDF-98E89AEF0941}"
EndProject
Project("{FAE04EC0-301F-11D3-BF4B-00C04F79EFBC}") = "ScoreoForERLite.Lib", "ScoreoForERLite.Lib\ScoreoForERLite.Lib.csproj", "{B52E02E4-A585-4E43-82CB-085717082441}"
EndProject
Project("{FAE04EC0-301F-11D3-BF4B-00C04F79EFBC}") = "ScoreoForERLite.Tests", "ScoreoForERLite.Tests\ScoreoForERLite.Tests.csproj", "{FBD64A7A-1FEE-476A-B2CE-A93D35AB8F6C}"
EndProject
Project("{C7167F0D-BC9F-4E6E-AFE1-012C56B48DB5}") = "ScoreoForERLite.Package", "ScoreoForERLite.Package\ScoreoForERLite.Package.wapproj", "{9A7B1EE3-7EC5-42FD-98D5-A72B68CF4B95}"
EndProject
Global
	GlobalSection(SolutionConfigurationPlatforms) = preSolution
		Debug|Any CPU = Debug|Any CPU
		Debug|ARM = Debug|ARM
		Debug|ARM64 = Debug|ARM64
		Debug|x64 = Debug|x64
		Debug|x86 = Debug|x86
		Release|Any CPU = Release|Any CPU
		Release|ARM = Release|ARM
		Release|ARM64 = Release|ARM64
		Release|x64 = Release|x64
		Release|x86 = Release|x86
	EndGlobalSection
	GlobalSection(ProjectConfigurationPlatforms) = postSolution
		{1D8647CD-7B7E-4C5D-8EDF-98E89AEF0941}.Debug|Any CPU.ActiveCfg = Debug|Any CPU
		{1D8647CD-7B7E-4C5D-8EDF-98E89AEF0941}.Debug|Any CPU.Build.0 = Debug|Any CPU
		{1D8647CD-7B7E-4C5D-8EDF-98E89AEF0941}.Debug|ARM.ActiveCfg = Debug|Any CPU
		{1D8647CD-7B7E-4C5D-8EDF-98E89AEF0941}.Debug|ARM.Build.0 = Debug|Any CPU
		{1D8647CD-7B7E-4C5D-8EDF-98E89AEF0941}.Debug|ARM64.ActiveCfg = Debug|Any CPU
		{1D8647CD-7B7E-4C5D-8EDF-98E89AEF0941}.Debug|ARM64.Build.0 = Debug|Any CPU
		{1D8647CD-7B7E-4C5D-8EDF-98E89AEF0941}.Debug|x64.ActiveCfg = Debug|Any CPU
		{1D8647CD-7B7E-4C5D-8EDF-98E89AEF0941}.Debug|x64.Build.0 = Debug|Any CPU
		{1D8647CD-7B7E-4C5D-8EDF-98E89AEF0941}.Debug|x86.ActiveCfg = Debug|Any CPU
		{1D8647CD-7B7E-4C5D-8EDF-98E89AEF0941}.Debug|x86.Build.0 = Debug|Any CPU
		{1D8647CD-7B7E-4C5D-8EDF-98E89AEF0941}.Release|Any CPU.ActiveCfg = Release|Any CPU
		{1D8647CD-7B7E-4C5D-8EDF-98E89AEF0941}.Release|Any CPU.Build.0 = Release|Any CPU
		{1D8647CD-7B7E-4C5D-8EDF-98E89AEF0941}.Release|ARM.ActiveCfg = Release|Any CPU
		{1D8647CD-7B7E-4C5D-8EDF-98E89AEF0941}.Release|ARM.Build.0 = Release|Any CPU
		{1D8647CD-7B7E-4C5D-8EDF-98E89AEF0941}.Release|ARM64.ActiveCfg = Release|Any CPU
		{1D8647CD-7B7E-4C5D-8EDF-98E89AEF0941}.Release|ARM64.Build.0 = Release|Any CPU
		{1D8647CD-7B7E-4C5D-8EDF-98E89AEF0941}.Release|x64.ActiveCfg = Release|x64
		{1D8647CD-7B7E-4C5D-8EDF-98E89AEF0941}.Release|x64.Build.0 = Release|x64
		{1D8647CD-7B7E-4C5D-8EDF-98E89AEF0941}.Release|x86.ActiveCfg = Release|x86
		{1D8647CD-7B7E-4C5D-8EDF-98E89AEF0941}.Release|x86.Build.0 = Release|x86
		{B52E02E4-A585-4E43-82CB-085717082441}.Debug|Any CPU.ActiveCfg = Debug|Any CPU
		{B52E02E4-A585-4E43-82CB-085717082441}.Debug|Any CPU.Build.0 = Debug|Any CPU
		{B52E02E4-A585-4E43-82CB-085717082441}.Debug|ARM.ActiveCfg = Debug|Any CPU
		{B52E02E4-A585-4E43-82CB-085717082441}.Debug|ARM.Build.0 = Debug|Any CPU
		{B52E02E4-A585-4E43-82CB-085717082441}.Debug|ARM64.ActiveCfg = Debug|Any CPU
		{B52E02E4-A585-4E43-82CB-085717082441}.Debug|ARM64.Build.0 = Debug|Any CPU
		{B52E02E4-A585-4E43-82CB-085717082441}.Debug|x64.ActiveCfg = Debug|Any CPU
		{B52E02E4-A585-4E43-82CB-085717082441}.Debug|x64.Build.0 = Debug|Any CPU
		{B52E02E4-A585-4E43-82CB-085717082441}.Debug|x86.ActiveCfg = Debug|Any CPU
		{B52E02E4-A585-4E43-82CB-085717082441}.Debug|x86.Build.0 = Debug|Any CPU
		{B52E02E4-A585-4E43-82CB-085717082441}.Release|Any CPU.ActiveCfg = Release|Any CPU
		{B52E02E4-A585-4E43-82CB-085717082441}.Release|Any CPU.Build.0 = Release|Any CPU
		{B52E02E4-A585-4E43-82CB-085717082441}.Release|ARM.ActiveCfg = Release|Any CPU
		{B52E02E4-A585-4E43-82CB-085717082441}.Release|ARM.Build.0 = Release|Any CPU
		{B52E02E4-A585-4E43-82CB-085717082441}.Release|ARM64.ActiveCfg = Release|Any CPU
		{B52E02E4-A585-4E43-82CB-085717082441}.Release|ARM64.Build.0 = Release|Any CPU
		{B52E02E4-A585-4E43-82CB-085717082441}.Release|x64.ActiveCfg = Release|Any CPU
		{B52E02E4-A585-4E43-82CB-085717082441}.Release|x64.Build.0 = Release|Any CPU
		{B52E02E4-A585-4E43-82CB-085717082441}.Release|x86.ActiveCfg = Release|Any CPU
		{B52E02E4-A585-4E43-82CB-085717082441}.Release|x86.Build.0 = Release|Any CPU
		{FBD64A7A-1FEE-476A-B2CE-A93D35AB8F6C}.Debug|Any CPU.ActiveCfg = Debug|Any CPU
		{FBD64A7A-1FEE-476A-B2CE-A93D35AB8F6C}.Debug|Any CPU.Build.0 = Debug|Any CPU
		{FBD64A7A-1FEE-476A-B2CE-A93D35AB8F6C}.Debug|ARM.ActiveCfg = Debug|Any CPU
		{FBD64A7A-1FEE-476A-B2CE-A93D35AB8F6C}.Debug|ARM.Build.0 = Debug|Any CPU
		{FBD64A7A-1FEE-476A-B2CE-A93D35AB8F6C}.Debug|ARM64.ActiveCfg = Debug|Any CPU
		{FBD64A7A-1FEE-476A-B2CE-A93D35AB8F6C}.Debug|ARM64.Build.0 = Debug|Any CPU
		{FBD64A7A-1FEE-476A-B2CE-A93D35AB8F6C}.Debug|x64.ActiveCfg = Debug|Any CPU
		{FBD64A7A-1FEE-476A-B2CE-A93D35AB8F6C}.Debug|x64.Build.0 = Debug|Any CPU
		{FBD64A7A-1FEE-476A-B2CE-A93D35AB8F6C}.Debug|x86.ActiveCfg = Debug|Any CPU
		{FBD64A7A-1FEE-476A-B2CE-A93D35AB8F6C}.Debug|x86.Build.0 = Debug|Any CPU
		{FBD64A7A-1FEE-476A-B2CE-A93D35AB8F6C}.Release|Any CPU.ActiveCfg = Release|Any CPU
		{FBD64A7A-1FEE-476A-B2CE-A93D35AB8F6C}.Release|Any CPU.Build.0 = Release|Any CPU
		{FBD64A7A-1FEE-476A-B2CE-A93D35AB8F6C}.Release|ARM.ActiveCfg = Release|Any CPU
		{FBD64A7A-1FEE-476A-B2CE-A93D35AB8F6C}.Release|ARM.Build.0 = Release|Any CPU
		{FBD64A7A-1FEE-476A-B2CE-A93D35AB8F6C}.Release|ARM64.ActiveCfg = Release|Any CPU
		{FBD64A7A-1FEE-476A-B2CE-A93D35AB8F6C}.Release|ARM64.Build.0 = Release|Any CPU
		{FBD64A7A-1FEE-476A-B2CE-A93D35AB8F6C}.Release|x64.ActiveCfg = Release|Any CPU
		{FBD64A7A-1FEE-476A-B2CE-A93D35AB8F6C}.Release|x64.Build.0 = Release|Any CPU
		{FBD64A7A-1FEE-476A-B2CE-A93D35AB8F6C}.Release|x86.ActiveCfg = Release|Any CPU
		{FBD64A7A-1FEE-476A-B2CE-A93D35AB8F6C}.Release|x86.Build.0 = Release|Any CPU
		{9A7B1EE3-7EC5-42FD-98D5-A72B68CF4B95}.Debug|Any CPU.ActiveCfg = Debug|Any CPU
		{9A7B1EE3-7EC5-42FD-98D5-A72B68CF4B95}.Debug|Any CPU.Build.0 = Debug|Any CPU
		{9A7B1EE3-7EC5-42FD-98D5-A72B68CF4B95}.Debug|Any CPU.Deploy.0 = Debug|Any CPU
		{9A7B1EE3-7EC5-42FD-98D5-A72B68CF4B95}.Debug|ARM.ActiveCfg = Debug|ARM
		{9A7B1EE3-7EC5-42FD-98D5-A72B68CF4B95}.Debug|ARM.Build.0 = Debug|ARM
		{9A7B1EE3-7EC5-42FD-98D5-A72B68CF4B95}.Debug|ARM.Deploy.0 = Debug|ARM
		{9A7B1EE3-7EC5-42FD-98D5-A72B68CF4B95}.Debug|ARM64.ActiveCfg = Debug|ARM64
		{9A7B1EE3-7EC5-42FD-98D5-A72B68CF4B95}.Debug|ARM64.Build.0 = Debug|ARM64
		{9A7B1EE3-7EC5-42FD-98D5-A72B68CF4B95}.Debug|ARM64.Deploy.0 = Debug|ARM64
		{9A7B1EE3-7EC5-42FD-98D5-A72B68CF4B95}.Debug|x64.ActiveCfg = Debug|x64
		{9A7B1EE3-7EC5-42FD-98D5-A72B68CF4B95}.Debug|x64.Build.0 = Debug|x64
		{9A7B1EE3-7EC5-42FD-98D5-A72B68CF4B95}.Debug|x64.Deploy.0 = Debug|x64
		{9A7B1EE3-7EC5-42FD-98D5-A72B68CF4B95}.Debug|x86.ActiveCfg = Debug|x86
		{9A7B1EE3-7EC5-42FD-98D5-A72B68CF4B95}.Debug|x86.Build.0 = Debug|x86
		{9A7B1EE3-7EC5-42FD-98D5-A72B68CF4B95}.Debug|x86.Deploy.0 = Debug|x86
		{9A7B1EE3-7EC5-42FD-98D5-A72B68CF4B95}.Release|Any CPU.ActiveCfg = Release|Any CPU
		{9A7B1EE3-7EC5-42FD-98D5-A72B68CF4B95}.Release|Any CPU.Build.0 = Release|Any CPU
		{9A7B1EE3-7EC5-42FD-98D5-A72B68CF4B95}.Release|Any CPU.Deploy.0 = Release|Any CPU
		{9A7B1EE3-7EC5-42FD-98D5-A72B68CF4B95}.Release|ARM.ActiveCfg = Release|ARM
		{9A7B1EE3-7EC5-42FD-98D5-A72B68CF4B95}.Release|ARM.Build.0 = Release|ARM
		{9A7B1EE3-7EC5-42FD-98D5-A72B68CF4B95}.Release|ARM.Deploy.0 = Release|ARM
		{9A7B1EE3-7EC5-42FD-98D5-A72B68CF4B95}.Release|ARM64.ActiveCfg = Release|ARM64
		{9A7B1EE3-7EC5-42FD-98D5-A72B68CF4B95}.Release|ARM64.Build.0 = Release|ARM64
		{9A7B1EE3-7EC5-42FD-98D5-A72B68CF4B95}.Release|ARM64.Deploy.0 = Release|ARM64
		{9A7B1EE3-7EC5-42FD-98D5-A72B68CF4B95}.Release|x64.ActiveCfg = Release|x64
		{9A7B1EE3-7EC5-42FD-98D5-A72B68CF4B95}.Release|x64.Build.0 = Release|x64
		{9A7B1EE3-7EC5-42FD-98D5-A72B68CF4B95}.Release|x64.Deploy.0 = Release|x64
		{9A7B1EE3-7EC5-42FD-98D5-A72B68CF4B95}.Release|x86.ActiveCfg = Release|x86
		{9A7B1EE3-7EC5-42FD-98D5-A72B68CF4B95}.Release|x86.Build.0 = Release|x86
		{9A7B1EE3-7EC5-42FD-98D5-A72B68CF4B95}.Release|x86.Deploy.0 = Release|x86
	EndGlobalSection
	GlobalSection(SolutionProperties) = preSolution
		HideSolutionNode = FALSE
	EndGlobalSection
	GlobalSection(ExtensibilityGlobals) = postSolution
		SolutionGuid = {044DCBB5-52FA-4173-85B0-030FC1E8E464}
	EndGlobalSection
EndGlobal
